
Microsoft Visual Studio Solution File, Format Version 12.00
# Visual Studio Version 17
VisualStudioVersion = 17.2.32519.379
MinimumVisualStudioVersion = 10.0.40219.1
Project("{FAE04EC0-301F-11D3-BF4B-00C04F79EFBC}") = "esPrimo", "esPrimo\esPrimo.csproj", "{1D010CF1-3EEB-40F8-B419-E09660E78064}"
EndProject
Global
	GlobalSection(SolutionConfigurationPlatforms) = preSolution
		Debug|Any CPU = Debug|Any CPU
		Release|Any CPU = Release|Any CPU
	EndGlobalSection
	GlobalSection(ProjectConfigurationPlatforms) = postSolution
		{1D010CF1-3EEB-40F8-B419-E09660E78064}.Debug|Any CPU.ActiveCfg = Debug|Any CPU
		{1D010CF1-3EEB-40F8-B419-E09660E78064}.Debug|Any CPU.Build.0 = Debug|Any CPU
		{1D010CF1-3EEB-40F8-B419-E09660E78064}.Release|Any CPU.ActiveCfg = Release|Any CPU
		{1D010CF1-3EEB-40F8-B419-E09660E78064}.Release|Any CPU.Build.0 = Release|Any CPU
	EndGlobalSection
	GlobalSection(SolutionProperties) = preSolution
		HideSolutionNode = FALSE
	EndGlobalSection
	GlobalSection(ExtensibilityGlobals) = postSolution
		SolutionGuid = {859D9B57-2867-418F-86AD-89657EC064D4}
	EndGlobalSection
EndGlobal
